// !$*UTF8*$!
{
	archiveVersion = 1;
	classes = {
	};
	objectVersion = 46;
	objects = {

/* Begin PBXBuildFile section */
		E125996D1E17EE950063393E /* AppDelegate.swift in Sources */ = {isa = PBXBuildFile; fileRef = E125996C1E17EE950063393E /* AppDelegate.swift */; };
		E125996F1E17EE950063393E /* GameScene.sks in Resources */ = {isa = PBXBuildFile; fileRef = E125996E1E17EE950063393E /* GameScene.sks */; };
		E12599711E17EE950063393E /* Actions.sks in Resources */ = {isa = PBXBuildFile; fileRef = E12599701E17EE950063393E /* Actions.sks */; };
		E12599731E17EE950063393E /* GameScene.swift in Sources */ = {isa = PBXBuildFile; fileRef = E12599721E17EE950063393E /* GameScene.swift */; };
		E12599751E17EE950063393E /* GameViewController.swift in Sources */ = {isa = PBXBuildFile; fileRef = E12599741E17EE950063393E /* GameViewController.swift */; };
		E12599781E17EE950063393E /* Main.storyboard in Resources */ = {isa = PBXBuildFile; fileRef = E12599761E17EE950063393E /* Main.storyboard */; };
		E125997A1E17EE950063393E /* Assets.xcassets in Resources */ = {isa = PBXBuildFile; fileRef = E12599791E17EE950063393E /* Assets.xcassets */; };
		E125997D1E17EE950063393E /* LaunchScreen.storyboard in Resources */ = {isa = PBXBuildFile; fileRef = E125997B1E17EE950063393E /* LaunchScreen.storyboard */; };
		E12599851E17F51B0063393E /* Ninja.swift in Sources */ = {isa = PBXBuildFile; fileRef = E12599841E17F51B0063393E /* Ninja.swift */; };
		E12599871E17F9190063393E /* GameConstants.swift in Sources */ = {isa = PBXBuildFile; fileRef = E12599861E17F9190063393E /* GameConstants.swift */; };
		E12599891E17FEA00063393E /* Ground.swift in Sources */ = {isa = PBXBuildFile; fileRef = E12599881E17FEA00063393E /* Ground.swift */; };
		E125998B1E181A6F0063393E /* Background.swift in Sources */ = {isa = PBXBuildFile; fileRef = E125998A1E181A6F0063393E /* Background.swift */; };
		E125998D1E183FA20063393E /* Ceiling.swift in Sources */ = {isa = PBXBuildFile; fileRef = E125998C1E183FA20063393E /* Ceiling.swift */; };
		E125998F1E1846530063393E /* Pillars.swift in Sources */ = {isa = PBXBuildFile; fileRef = E125998E1E1846530063393E /* Pillars.swift */; };
		E12599911E184D220063393E /* Booster.sks in Resources */ = {isa = PBXBuildFile; fileRef = E12599901E184D220063393E /* Booster.sks */; };
		E12599931E18639D0063393E /* Bullet.swift in Sources */ = {isa = PBXBuildFile; fileRef = E12599921E18639D0063393E /* Bullet.swift */; };
		E12599951E18679E0063393E /* BulletFlame.sks in Resources */ = {isa = PBXBuildFile; fileRef = E12599941E18679E0063393E /* BulletFlame.sks */; };
		E125999D1E1879B20063393E /* Assets.xcassets in Resources */ = {isa = PBXBuildFile; fileRef = E125999B1E1879B20063393E /* Assets.xcassets */; };
		E129FBEE1E188B3C001C7A04 /* prstartk.ttf in Resources */ = {isa = PBXBuildFile; fileRef = E129FBED1E188B3C001C7A04 /* prstartk.ttf */; };
		E17D99571E1EBAF300B81BD2 /* Main.swift in Sources */ = {isa = PBXBuildFile; fileRef = E17D99561E1EBAF300B81BD2 /* Main.swift */; };
		E17D99591E1EBFA300B81BD2 /* SpriteNodeExtension.swift in Sources */ = {isa = PBXBuildFile; fileRef = E17D99581E1EBFA300B81BD2 /* SpriteNodeExtension.swift */; };
		E17D995B1E1EC2D700B81BD2 /* RuinsHome.swift in Sources */ = {isa = PBXBuildFile; fileRef = E17D995A1E1EC2D700B81BD2 /* RuinsHome.swift */; };
		E1BCE2481E1962BD00F2D155 /* Home.swift in Sources */ = {isa = PBXBuildFile; fileRef = E1BCE2471E1962BD00F2D155 /* Home.swift */; };
		E1BCE24A1E19654300F2D155 /* PulsatingText.swift in Sources */ = {isa = PBXBuildFile; fileRef = E1BCE2491E19654300F2D155 /* PulsatingText.swift */; };
		E1BCE24C1E19825F00F2D155 /* Coin.swift in Sources */ = {isa = PBXBuildFile; fileRef = E1BCE24B1E19825F00F2D155 /* Coin.swift */; };
/* End PBXBuildFile section */

/* Begin PBXFileReference section */
		E12599691E17EE950063393E /* TorchBearer.app */ = {isa = PBXFileReference; explicitFileType = wrapper.application; includeInIndex = 0; path = TorchBearer.app; sourceTree = BUILT_PRODUCTS_DIR; };
		E125996C1E17EE950063393E /* AppDelegate.swift */ = {isa = PBXFileReference; lastKnownFileType = sourcecode.swift; path = AppDelegate.swift; sourceTree = "<group>"; };
		E125996E1E17EE950063393E /* GameScene.sks */ = {isa = PBXFileReference; lastKnownFileType = file.sks; path = GameScene.sks; sourceTree = "<group>"; };
		E12599701E17EE950063393E /* Actions.sks */ = {isa = PBXFileReference; lastKnownFileType = file.sks; path = Actions.sks; sourceTree = "<group>"; };
		E12599721E17EE950063393E /* GameScene.swift */ = {isa = PBXFileReference; lastKnownFileType = sourcecode.swift; path = GameScene.swift; sourceTree = "<group>"; };
		E12599741E17EE950063393E /* GameViewController.swift */ = {isa = PBXFileReference; lastKnownFileType = sourcecode.swift; path = GameViewController.swift; sourceTree = "<group>"; };
		E12599771E17EE950063393E /* Base */ = {isa = PBXFileReference; lastKnownFileType = file.storyboard; name = Base; path = Base.lproj/Main.storyboard; sourceTree = "<group>"; };
		E12599791E17EE950063393E /* Assets.xcassets */ = {isa = PBXFileReference; lastKnownFileType = folder.assetcatalog; path = Assets.xcassets; sourceTree = "<group>"; };
		E125997C1E17EE950063393E /* Base */ = {isa = PBXFileReference; lastKnownFileType = file.storyboard; name = Base; path = Base.lproj/LaunchScreen.storyboard; sourceTree = "<group>"; };
		E125997E1E17EE950063393E /* Info.plist */ = {isa = PBXFileReference; lastKnownFileType = text.plist.xml; path = Info.plist; sourceTree = "<group>"; };
		E12599841E17F51B0063393E /* Ninja.swift */ = {isa = PBXFileReference; fileEncoding = 4; lastKnownFileType = sourcecode.swift; path = Ninja.swift; sourceTree = "<group>"; };
		E12599861E17F9190063393E /* GameConstants.swift */ = {isa = PBXFileReference; fileEncoding = 4; lastKnownFileType = sourcecode.swift; path = GameConstants.swift; sourceTree = "<group>"; };
		E12599881E17FEA00063393E /* Ground.swift */ = {isa = PBXFileReference; fileEncoding = 4; lastKnownFileType = sourcecode.swift; path = Ground.swift; sourceTree = "<group>"; };
		E125998A1E181A6F0063393E /* Background.swift */ = {isa = PBXFileReference; fileEncoding = 4; lastKnownFileType = sourcecode.swift; path = Background.swift; sourceTree = "<group>"; };
		E125998C1E183FA20063393E /* Ceiling.swift */ = {isa = PBXFileReference; fileEncoding = 4; lastKnownFileType = sourcecode.swift; path = Ceiling.swift; sourceTree = "<group>"; };
		E125998E1E1846530063393E /* Pillars.swift */ = {isa = PBXFileReference; fileEncoding = 4; lastKnownFileType = sourcecode.swift; path = Pillars.swift; sourceTree = "<group>"; };
		E12599901E184D220063393E /* Booster.sks */ = {isa = PBXFileReference; lastKnownFileType = file.sks; path = Booster.sks; sourceTree = "<group>"; };
		E12599921E18639D0063393E /* Bullet.swift */ = {isa = PBXFileReference; fileEncoding = 4; lastKnownFileType = sourcecode.swift; path = Bullet.swift; sourceTree = "<group>"; };
		E12599941E18679E0063393E /* BulletFlame.sks */ = {isa = PBXFileReference; lastKnownFileType = file.sks; path = BulletFlame.sks; sourceTree = "<group>"; };
		E125999B1E1879B20063393E /* Assets.xcassets */ = {isa = PBXFileReference; lastKnownFileType = folder.assetcatalog; path = Assets.xcassets; sourceTree = "<group>"; };
		E129FBED1E188B3C001C7A04 /* prstartk.ttf */ = {isa = PBXFileReference; lastKnownFileType = file; path = prstartk.ttf; sourceTree = "<group>"; };
		E17D99561E1EBAF300B81BD2 /* Main.swift */ = {isa = PBXFileReference; fileEncoding = 4; lastKnownFileType = sourcecode.swift; path = Main.swift; sourceTree = "<group>"; };
		E17D99581E1EBFA300B81BD2 /* SpriteNodeExtension.swift */ = {isa = PBXFileReference; fileEncoding = 4; lastKnownFileType = sourcecode.swift; path = SpriteNodeExtension.swift; sourceTree = "<group>"; };
		E17D995A1E1EC2D700B81BD2 /* RuinsHome.swift */ = {isa = PBXFileReference; fileEncoding = 4; lastKnownFileType = sourcecode.swift; path = RuinsHome.swift; sourceTree = "<group>"; };
		E1BCE2471E1962BD00F2D155 /* Home.swift */ = {isa = PBXFileReference; fileEncoding = 4; lastKnownFileType = sourcecode.swift; path = Home.swift; sourceTree = "<group>"; };
		E1BCE2491E19654300F2D155 /* PulsatingText.swift */ = {isa = PBXFileReference; fileEncoding = 4; lastKnownFileType = sourcecode.swift; path = PulsatingText.swift; sourceTree = "<group>"; };
		E1BCE24B1E19825F00F2D155 /* Coin.swift */ = {isa = PBXFileReference; fileEncoding = 4; lastKnownFileType = sourcecode.swift; path = Coin.swift; sourceTree = "<group>"; };
/* End PBXFileReference section */

/* Begin PBXFrameworksBuildPhase section */
		E12599661E17EE950063393E /* Frameworks */ = {
			isa = PBXFrameworksBuildPhase;
			buildActionMask = 2147483647;
			files = (
			);
			runOnlyForDeploymentPostprocessing = 0;
		};
/* End PBXFrameworksBuildPhase section */

/* Begin PBXGroup section */
		E12599601E17EE950063393E = {
			isa = PBXGroup;
			children = (
				E125999B1E1879B20063393E /* Assets.xcassets */,
				E125996B1E17EE950063393E /* TorchBearer */,
				E125996A1E17EE950063393E /* Products */,
			);
			sourceTree = "<group>";
		};
		E125996A1E17EE950063393E /* Products */ = {
			isa = PBXGroup;
			children = (
				E12599691E17EE950063393E /* TorchBearer.app */,
			);
			name = Products;
			sourceTree = "<group>";
		};
		E125996B1E17EE950063393E /* TorchBearer */ = {
			isa = PBXGroup;
			children = (
				E125996C1E17EE950063393E /* AppDelegate.swift */,
				E17D995F1E1ED25D00B81BD2 /* Extensions */,
				E17D995C1E1ED1BC00B81BD2 /* Games */,
				E17D995D1E1ED1DF00B81BD2 /* Levels */,
				E129FBED1E188B3C001C7A04 /* prstartk.ttf */,
				E12599701E17EE950063393E /* Actions.sks */,
				E17D99561E1EBAF300B81BD2 /* Main.swift */,
				E12599861E17F9190063393E /* GameConstants.swift */,
				E12599741E17EE950063393E /* GameViewController.swift */,
				E12599761E17EE950063393E /* Main.storyboard */,
				E12599791E17EE950063393E /* Assets.xcassets */,
				E125997B1E17EE950063393E /* LaunchScreen.storyboard */,
				E125997E1E17EE950063393E /* Info.plist */,
			);
			path = TorchBearer;
			sourceTree = "<group>";
		};
		E17D995C1E1ED1BC00B81BD2 /* Games */ = {
			isa = PBXGroup;
			children = (
				E17D995E1E1ED21400B81BD2 /* Objects */,
				E125996E1E17EE950063393E /* GameScene.sks */,
				E12599721E17EE950063393E /* GameScene.swift */,
			);
			name = Games;
			sourceTree = "<group>";
		};
		E17D995D1E1ED1DF00B81BD2 /* Levels */ = {
			isa = PBXGroup;
			children = (
				E1BCE2471E1962BD00F2D155 /* Home.swift */,
				E17D995A1E1EC2D700B81BD2 /* RuinsHome.swift */,
			);
			name = Levels;
			sourceTree = "<group>";
		};
		E17D995E1E1ED21400B81BD2 /* Objects */ = {
			isa = PBXGroup;
			children = (
				E1BCE24B1E19825F00F2D155 /* Coin.swift */,
				E12599921E18639D0063393E /* Bullet.swift */,
				E12599941E18679E0063393E /* BulletFlame.sks */,
				E12599901E184D220063393E /* Booster.sks */,
				E12599841E17F51B0063393E /* Ninja.swift */,
				E125998C1E183FA20063393E /* Ceiling.swift */,
				E125998E1E1846530063393E /* Pillars.swift */,
				E12599881E17FEA00063393E /* Ground.swift */,
				E125998A1E181A6F0063393E /* Background.swift */,
			);
			name = Objects;
			sourceTree = "<group>";
		};
		E17D995F1E1ED25D00B81BD2 /* Extensions */ = {
			isa = PBXGroup;
			children = (
				E1BCE2491E19654300F2D155 /* PulsatingText.swift */,
				E17D99581E1EBFA300B81BD2 /* SpriteNodeExtension.swift */,
			);
			name = Extensions;
			sourceTree = "<group>";
		};
/* End PBXGroup section */

/* Begin PBXNativeTarget section */
		E12599681E17EE950063393E /* TorchBearer */ = {
			isa = PBXNativeTarget;
			buildConfigurationList = E12599811E17EE950063393E /* Build configuration list for PBXNativeTarget "TorchBearer" */;
			buildPhases = (
				E12599651E17EE950063393E /* Sources */,
				E12599661E17EE950063393E /* Frameworks */,
				E12599671E17EE950063393E /* Resources */,
			);
			buildRules = (
			);
			dependencies = (
			);
			name = TorchBearer;
			productName = TorchBearer;
			productReference = E12599691E17EE950063393E /* TorchBearer.app */;
			productType = "com.apple.product-type.application";
		};
/* End PBXNativeTarget section */

/* Begin PBXProject section */
		E12599611E17EE950063393E /* Project object */ = {
			isa = PBXProject;
			attributes = {
				LastSwiftUpdateCheck = 0810;
				LastUpgradeCheck = 0810;
				ORGANIZATIONNAME = "Robert Zhang";
				TargetAttributes = {
					E12599681E17EE950063393E = {
						CreatedOnToolsVersion = 8.1;
						DevelopmentTeam = Y5BB2KL8QK;
						ProvisioningStyle = Automatic;
					};
				};
			};
			buildConfigurationList = E12599641E17EE950063393E /* Build configuration list for PBXProject "TorchBearer" */;
			compatibilityVersion = "Xcode 3.2";
			developmentRegion = English;
			hasScannedForEncodings = 0;
			knownRegions = (
				en,
				Base,
			);
			mainGroup = E12599601E17EE950063393E;
			productRefGroup = E125996A1E17EE950063393E /* Products */;
			projectDirPath = "";
			projectRoot = "";
			targets = (
				E12599681E17EE950063393E /* TorchBearer */,
			);
		};
/* End PBXProject section */

/* Begin PBXResourcesBuildPhase section */
		E12599671E17EE950063393E /* Resources */ = {
			isa = PBXResourcesBuildPhase;
			buildActionMask = 2147483647;
			files = (
				E12599781E17EE950063393E /* Main.storyboard in Resources */,
				E125996F1E17EE950063393E /* GameScene.sks in Resources */,
				E12599911E184D220063393E /* Booster.sks in Resources */,
				E125997A1E17EE950063393E /* Assets.xcassets in Resources */,
				E12599951E18679E0063393E /* BulletFlame.sks in Resources */,
				E125997D1E17EE950063393E /* LaunchScreen.storyboard in Resources */,
				E125999D1E1879B20063393E /* Assets.xcassets in Resources */,
				E12599711E17EE950063393E /* Actions.sks in Resources */,
				E129FBEE1E188B3C001C7A04 /* prstartk.ttf in Resources */,
			);
			runOnlyForDeploymentPostprocessing = 0;
		};
/* End PBXResourcesBuildPhase section */

/* Begin PBXSourcesBuildPhase section */
		E12599651E17EE950063393E /* Sources */ = {
			isa = PBXSourcesBuildPhase;
			buildActionMask = 2147483647;
			files = (
				E125998F1E1846530063393E /* Pillars.swift in Sources */,
				E12599891E17FEA00063393E /* Ground.swift in Sources */,
				E125998B1E181A6F0063393E /* Background.swift in Sources */,
				E17D99591E1EBFA300B81BD2 /* SpriteNodeExtension.swift in Sources */,
				E17D995B1E1EC2D700B81BD2 /* RuinsHome.swift in Sources */,
				E1BCE2481E1962BD00F2D155 /* Home.swift in Sources */,
				E12599731E17EE950063393E /* GameScene.swift in Sources */,
				E125998D1E183FA20063393E /* Ceiling.swift in Sources */,
				E12599751E17EE950063393E /* GameViewController.swift in Sources */,
				E12599851E17F51B0063393E /* Ninja.swift in Sources */,
				E1BCE24C1E19825F00F2D155 /* Coin.swift in Sources */,
				E12599931E18639D0063393E /* Bullet.swift in Sources */,
				E125996D1E17EE950063393E /* AppDelegate.swift in Sources */,
				E1BCE24A1E19654300F2D155 /* PulsatingText.swift in Sources */,
				E17D99571E1EBAF300B81BD2 /* Main.swift in Sources */,
				E12599871E17F9190063393E /* GameConstants.swift in Sources */,
			);
			runOnlyForDeploymentPostprocessing = 0;
		};
/* End PBXSourcesBuildPhase section */

/* Begin PBXVariantGroup section */
		E12599761E17EE950063393E /* Main.storyboard */ = {
			isa = PBXVariantGroup;
			children = (
				E12599771E17EE950063393E /* Base */,
			);
			name = Main.storyboard;
			sourceTree = "<group>";
		};
		E125997B1E17EE950063393E /* LaunchScreen.storyboard */ = {
			isa = PBXVariantGroup;
			children = (
				E125997C1E17EE950063393E /* Base */,
			);
			name = LaunchScreen.storyboard;
			sourceTree = "<group>";
		};
/* End PBXVariantGroup section */

/* Begin XCBuildConfiguration section */
		E125997F1E17EE950063393E /* Debug */ = {
			isa = XCBuildConfiguration;
			buildSettings = {
				ALWAYS_SEARCH_USER_PATHS = NO;
				CLANG_ANALYZER_NONNULL = YES;
				CLANG_CXX_LANGUAGE_STANDARD = "gnu++0x";
				CLANG_CXX_LIBRARY = "libc++";
				CLANG_ENABLE_MODULES = YES;
				CLANG_ENABLE_OBJC_ARC = YES;
				CLANG_WARN_BOOL_CONVERSION = YES;
				CLANG_WARN_CONSTANT_CONVERSION = YES;
				CLANG_WARN_DIRECT_OBJC_ISA_USAGE = YES_ERROR;
				CLANG_WARN_DOCUMENTATION_COMMENTS = YES;
				CLANG_WARN_EMPTY_BODY = YES;
				CLANG_WARN_ENUM_CONVERSION = YES;
				CLANG_WARN_INFINITE_RECURSION = YES;
				CLANG_WARN_INT_CONVERSION = YES;
				CLANG_WARN_OBJC_ROOT_CLASS = YES_ERROR;
				CLANG_WARN_SUSPICIOUS_MOVES = YES;
				CLANG_WARN_UNREACHABLE_CODE = YES;
				CLANG_WARN__DUPLICATE_METHOD_MATCH = YES;
				"CODE_SIGN_IDENTITY[sdk=iphoneos*]" = "iPhone Developer";
				COPY_PHASE_STRIP = NO;
				DEBUG_INFORMATION_FORMAT = dwarf;
				ENABLE_STRICT_OBJC_MSGSEND = YES;
				ENABLE_TESTABILITY = YES;
				GCC_C_LANGUAGE_STANDARD = gnu99;
				GCC_DYNAMIC_NO_PIC = NO;
				GCC_NO_COMMON_BLOCKS = YES;
				GCC_OPTIMIZATION_LEVEL = 0;
				GCC_PREPROCESSOR_DEFINITIONS = (
					"DEBUG=1",
					"$(inherited)",
				);
				GCC_WARN_64_TO_32_BIT_CONVERSION = YES;
				GCC_WARN_ABOUT_RETURN_TYPE = YES_ERROR;
				GCC_WARN_UNDECLARED_SELECTOR = YES;
				GCC_WARN_UNINITIALIZED_AUTOS = YES_AGGRESSIVE;
				GCC_WARN_UNUSED_FUNCTION = YES;
				GCC_WARN_UNUSED_VARIABLE = YES;
				IPHONEOS_DEPLOYMENT_TARGET = 10.1;
				MTL_ENABLE_DEBUG_INFO = YES;
				ONLY_ACTIVE_ARCH = YES;
				SDKROOT = iphoneos;
				SWIFT_ACTIVE_COMPILATION_CONDITIONS = DEBUG;
				SWIFT_OPTIMIZATION_LEVEL = "-Onone";
				TARGETED_DEVICE_FAMILY = "1,2";
			};
			name = Debug;
		};
		E12599801E17EE950063393E /* Release */ = {
			isa = XCBuildConfiguration;
			buildSettings = {
				ALWAYS_SEARCH_USER_PATHS = NO;
				CLANG_ANALYZER_NONNULL = YES;
				CLANG_CXX_LANGUAGE_STANDARD = "gnu++0x";
				CLANG_CXX_LIBRARY = "libc++";
				CLANG_ENABLE_MODULES = YES;
				CLANG_ENABLE_OBJC_ARC = YES;
				CLANG_WARN_BOOL_CONVERSION = YES;
				CLANG_WARN_CONSTANT_CONVERSION = YES;
				CLANG_WARN_DIRECT_OBJC_ISA_USAGE = YES_ERROR;
				CLANG_WARN_DOCUMENTATION_COMMENTS = YES;
				CLANG_WARN_EMPTY_BODY = YES;
				CLANG_WARN_ENUM_CONVERSION = YES;
				CLANG_WARN_INFINITE_RECURSION = YES;
				CLANG_WARN_INT_CONVERSION = YES;
				CLANG_WARN_OBJC_ROOT_CLASS = YES_ERROR;
				CLANG_WARN_SUSPICIOUS_MOVES = YES;
				CLANG_WARN_UNREACHABLE_CODE = YES;
				CLANG_WARN__DUPLICATE_METHOD_MATCH = YES;
				"CODE_SIGN_IDENTITY[sdk=iphoneos*]" = "iPhone Developer";
				COPY_PHASE_STRIP = NO;
				DEBUG_INFORMATION_FORMAT = "dwarf-with-dsym";
				ENABLE_NS_ASSERTIONS = NO;
				ENABLE_STRICT_OBJC_MSGSEND = YES;
				GCC_C_LANGUAGE_STANDARD = gnu99;
				GCC_NO_COMMON_BLOCKS = YES;
				GCC_WARN_64_TO_32_BIT_CONVERSION = YES;
				GCC_WARN_ABOUT_RETURN_TYPE = YES_ERROR;
				GCC_WARN_UNDECLARED_SELECTOR = YES;
				GCC_WARN_UNINITIALIZED_AUTOS = YES_AGGRESSIVE;
				GCC_WARN_UNUSED_FUNCTION = YES;
				GCC_WARN_UNUSED_VARIABLE = YES;
				IPHONEOS_DEPLOYMENT_TARGET = 10.1;
				MTL_ENABLE_DEBUG_INFO = NO;
				SDKROOT = iphoneos;
				SWIFT_OPTIMIZATION_LEVEL = "-Owholemodule";
				TARGETED_DEVICE_FAMILY = "1,2";
				VALIDATE_PRODUCT = YES;
			};
			name = Release;
		};
		E12599821E17EE950063393E /* Debug */ = {
			isa = XCBuildConfiguration;
			buildSettings = {
				ASSETCATALOG_COMPILER_APPICON_NAME = AppIcon;
				DEVELOPMENT_TEAM = Y5BB2KL8QK;
				INFOPLIST_FILE = TorchBearer/Info.plist;
				IPHONEOS_DEPLOYMENT_TARGET = 10.1;
				LD_RUNPATH_SEARCH_PATHS = "$(inherited) @executable_path/Frameworks";
				PRODUCT_BUNDLE_IDENTIFIER = com.MountMangoStudios.TorchBearer;
				PRODUCT_NAME = "$(TARGET_NAME)";
				SWIFT_VERSION = 3.0;
			};
			name = Debug;
		};
		E12599831E17EE950063393E /* Release */ = {
			isa = XCBuildConfiguration;
			buildSettings = {
				ASSETCATALOG_COMPILER_APPICON_NAME = AppIcon;
				DEVELOPMENT_TEAM = Y5BB2KL8QK;
				INFOPLIST_FILE = TorchBearer/Info.plist;
				IPHONEOS_DEPLOYMENT_TARGET = 10.1;
				LD_RUNPATH_SEARCH_PATHS = "$(inherited) @executable_path/Frameworks";
				PRODUCT_BUNDLE_IDENTIFIER = com.MountMangoStudios.TorchBearer;
				PRODUCT_NAME = "$(TARGET_NAME)";
				SWIFT_VERSION = 3.0;
			};
			name = Release;
		};
/* End XCBuildConfiguration section */

/* Begin XCConfigurationList section */
		E12599641E17EE950063393E /* Build configuration list for PBXProject "TorchBearer" */ = {
			isa = XCConfigurationList;
			buildConfigurations = (
				E125997F1E17EE950063393E /* Debug */,
				E12599801E17EE950063393E /* Release */,
			);
			defaultConfigurationIsVisible = 0;
			defaultConfigurationName = Release;
		};
		E12599811E17EE950063393E /* Build configuration list for PBXNativeTarget "TorchBearer" */ = {
			isa = XCConfigurationList;
			buildConfigurations = (
				E12599821E17EE950063393E /* Debug */,
				E12599831E17EE950063393E /* Release */,
			);
			defaultConfigurationIsVisible = 0;
			defaultConfigurationName = Release;
		};
/* End XCConfigurationList section */
	};
	rootObject = E12599611E17EE950063393E /* Project object */;
}
